
Microsoft Visual Studio Solution File, Format Version 12.00
# Visual Studio 15
VisualStudioVersion = 15.0.27004.2009
MinimumVisualStudioVersion = 10.0.40219.1
Project("{2150E333-8FDC-42A3-9474-1A3956D46DE8}") = "tests", "tests", "{0DE43D07-3659-4576-A684-1FB39DBE7DBE}"
EndProject
Project("{2150E333-8FDC-42A3-9474-1A3956D46DE8}") = "Services", "Services", "{AA10A9D3-1A0F-44D6-BE86-0C3A10FE827F}"
EndProject
Project("{9A19103F-16F7-4668-BE54-9A1E7A4F7556}") = "IdentityAdmin.Api", "src\Services\Api\IdentityAdmin.Api.csproj", "{C6AA3D66-9159-4763-97C6-9A42777E02C9}"
EndProject
Project("{9A19103F-16F7-4668-BE54-9A1E7A4F7556}") = "IdentityAdmin.Core", "src\Services\Core\IdentityAdmin.Core.csproj", "{C0BCBA38-FCF1-4E9E-93F6-0F0140ABDFCC}"
EndProject
Project("{9A19103F-16F7-4668-BE54-9A1E7A4F7556}") = "IdentityAdmin.Core.Tests", "tests\Core.Tests\IdentityAdmin.Core.Tests.csproj", "{0D596E4F-1FA0-4773-8363-E734A0136894}"
EndProject
Global
	GlobalSection(SolutionConfigurationPlatforms) = preSolution
		Debug|Any CPU = Debug|Any CPU
		Release|Any CPU = Release|Any CPU
	EndGlobalSection
	GlobalSection(ProjectConfigurationPlatforms) = postSolution
		{C6AA3D66-9159-4763-97C6-9A42777E02C9}.Debug|Any CPU.ActiveCfg = Debug|Any CPU
		{C6AA3D66-9159-4763-97C6-9A42777E02C9}.Debug|Any CPU.Build.0 = Debug|Any CPU
		{C6AA3D66-9159-4763-97C6-9A42777E02C9}.Release|Any CPU.ActiveCfg = Release|Any CPU
		{C6AA3D66-9159-4763-97C6-9A42777E02C9}.Release|Any CPU.Build.0 = Release|Any CPU
		{C0BCBA38-FCF1-4E9E-93F6-0F0140ABDFCC}.Debug|Any CPU.ActiveCfg = Debug|Any CPU
		{C0BCBA38-FCF1-4E9E-93F6-0F0140ABDFCC}.Debug|Any CPU.Build.0 = Debug|Any CPU
		{C0BCBA38-FCF1-4E9E-93F6-0F0140ABDFCC}.Release|Any CPU.ActiveCfg = Release|Any CPU
		{C0BCBA38-FCF1-4E9E-93F6-0F0140ABDFCC}.Release|Any CPU.Build.0 = Release|Any CPU
		{0D596E4F-1FA0-4773-8363-E734A0136894}.Debug|Any CPU.ActiveCfg = Debug|Any CPU
		{0D596E4F-1FA0-4773-8363-E734A0136894}.Debug|Any CPU.Build.0 = Debug|Any CPU
		{0D596E4F-1FA0-4773-8363-E734A0136894}.Release|Any CPU.ActiveCfg = Release|Any CPU
		{0D596E4F-1FA0-4773-8363-E734A0136894}.Release|Any CPU.Build.0 = Release|Any CPU
	EndGlobalSection
	GlobalSection(SolutionProperties) = preSolution
		HideSolutionNode = FALSE
	EndGlobalSection
	GlobalSection(NestedProjects) = preSolution
		{C6AA3D66-9159-4763-97C6-9A42777E02C9} = {AA10A9D3-1A0F-44D6-BE86-0C3A10FE827F}
		{C0BCBA38-FCF1-4E9E-93F6-0F0140ABDFCC} = {AA10A9D3-1A0F-44D6-BE86-0C3A10FE827F}
		{0D596E4F-1FA0-4773-8363-E734A0136894} = {0DE43D07-3659-4576-A684-1FB39DBE7DBE}
	EndGlobalSection
	GlobalSection(ExtensibilityGlobals) = postSolution
		SolutionGuid = {8E8918AA-7636-455C-9C16-B7168FC5B1FB}
	EndGlobalSection
EndGlobal
